
Microsoft Visual Studio Solution File, Format Version 12.00
# Visual Studio 2015
Project("{FAE04EC0-301F-11D3-BF4B-00C04F79EFBC}") = "EdgyVisualization", "EdgyVisualization.csproj", "{FE304459-7CC8-7642-822E-471E6E0F4F55}"
EndProject
Global
	GlobalSection(SolutionConfigurationPlatforms) = preSolution
		Debug|Any CPU = Debug|Any CPU
		Release|Any CPU = Release|Any CPU
	EndGlobalSection
	GlobalSection(ProjectConfigurationPlatforms) = postSolution
		{FE304459-7CC8-7642-822E-471E6E0F4F55}.Debug|Any CPU.ActiveCfg = Debug|Any CPU
		{FE304459-7CC8-7642-822E-471E6E0F4F55}.Debug|Any CPU.Build.0 = Debug|Any CPU
		{FE304459-7CC8-7642-822E-471E6E0F4F55}.Release|Any CPU.ActiveCfg = Release|Any CPU
		{FE304459-7CC8-7642-822E-471E6E0F4F55}.Release|Any CPU.Build.0 = Release|Any CPU
	EndGlobalSection
	GlobalSection(SolutionProperties) = preSolution
		HideSolutionNode = FALSE
	EndGlobalSection
EndGlobal
